
Microsoft Visual Studio Solution File, Format Version 12.00
# Visual Studio Version 16
VisualStudioVersion = 16.0.32126.315
MinimumVisualStudioVersion = 10.0.40219.1
Project("{FAE04EC0-301F-11D3-BF4B-00C04F79EFBC}") = "QuoteService.Server", "QuoteService.Server\QuoteService.Server.csproj", "{676A04A8-D41B-49B2-809F-A4A8906F8AB3}"
EndProject
Project("{FAE04EC0-301F-11D3-BF4B-00C04F79EFBC}") = "QuoteService.UnitTests", "QuoteService.UnitTests\QuoteService.UnitTests.csproj", "{FD20A77C-7152-4FE2-9514-5DCF3A135A49}"
EndProject
Global
	GlobalSection(SolutionConfigurationPlatforms) = preSolution
		Debug|Any CPU = Debug|Any CPU
		Release|Any CPU = Release|Any CPU
	EndGlobalSection
	GlobalSection(ProjectConfigurationPlatforms) = postSolution
		{676A04A8-D41B-49B2-809F-A4A8906F8AB3}.Debug|Any CPU.ActiveCfg = Debug|Any CPU
		{676A04A8-D41B-49B2-809F-A4A8906F8AB3}.Debug|Any CPU.Build.0 = Debug|Any CPU
		{676A04A8-D41B-49B2-809F-A4A8906F8AB3}.Release|Any CPU.ActiveCfg = Release|Any CPU
		{676A04A8-D41B-49B2-809F-A4A8906F8AB3}.Release|Any CPU.Build.0 = Release|Any CPU
		{FD20A77C-7152-4FE2-9514-5DCF3A135A49}.Debug|Any CPU.ActiveCfg = Debug|Any CPU
		{FD20A77C-7152-4FE2-9514-5DCF3A135A49}.Debug|Any CPU.Build.0 = Debug|Any CPU
		{FD20A77C-7152-4FE2-9514-5DCF3A135A49}.Release|Any CPU.ActiveCfg = Release|Any CPU
		{FD20A77C-7152-4FE2-9514-5DCF3A135A49}.Release|Any CPU.Build.0 = Release|Any CPU
	EndGlobalSection
	GlobalSection(SolutionProperties) = preSolution
		HideSolutionNode = FALSE
	EndGlobalSection
	GlobalSection(ExtensibilityGlobals) = postSolution
		SolutionGuid = {4C79B745-0677-427F-8D57-C01477802525}
	EndGlobalSection
EndGlobal
