
Microsoft Visual Studio Solution File, Format Version 12.00
# Visual Studio Version 16
VisualStudioVersion = 16.0.32126.315
MinimumVisualStudioVersion = 10.0.40219.1
Project("{FAE04EC0-301F-11D3-BF4B-00C04F79EFBC}") = "QuoteService.Server", "QuoteService.Server\QuoteService.Server.csproj", "{676A04A8-D41B-49B2-809F-A4A8906F8AB3}"
EndProject
Project("{FAE04EC0-301F-11D3-BF4B-00C04F79EFBC}") = "QuoteService.UnitTests", "QuoteService.UnitTests\QuoteService.UnitTests.csproj", "{FD20A77C-7152-4FE2-9514-5DCF3A135A49}"
EndProject
Project("{9A19103F-16F7-4668-BE54-9A1E7A4F7556}") = "QuoteService.WpfClient", "QuoteService.WpfClient\QuoteService.WpfClient.csproj", "{C3C36990-8CB0-4504-985B-6513ED93FB1E}"
EndProject
Project("{FAE04EC0-301F-11D3-BF4B-00C04F79EFBC}") = "QuoteService.Service", "QuoteService.Service\QuoteService.Service.csproj", "{F7DB9D85-895C-441E-A6D3-18F65AC754CC}"
EndProject
Global
	GlobalSection(SolutionConfigurationPlatforms) = preSolution
		Debug|Any CPU = Debug|Any CPU
		Release|Any CPU = Release|Any CPU
	EndGlobalSection
	GlobalSection(ProjectConfigurationPlatforms) = postSolution
		{676A04A8-D41B-49B2-809F-A4A8906F8AB3}.Debug|Any CPU.ActiveCfg = Debug|Any CPU
		{676A04A8-D41B-49B2-809F-A4A8906F8AB3}.Debug|Any CPU.Build.0 = Debug|Any CPU
		{676A04A8-D41B-49B2-809F-A4A8906F8AB3}.Release|Any CPU.ActiveCfg = Release|Any CPU
		{676A04A8-D41B-49B2-809F-A4A8906F8AB3}.Release|Any CPU.Build.0 = Release|Any CPU
		{FD20A77C-7152-4FE2-9514-5DCF3A135A49}.Debug|Any CPU.ActiveCfg = Debug|Any CPU
		{FD20A77C-7152-4FE2-9514-5DCF3A135A49}.Debug|Any CPU.Build.0 = Debug|Any CPU
		{FD20A77C-7152-4FE2-9514-5DCF3A135A49}.Release|Any CPU.ActiveCfg = Release|Any CPU
		{FD20A77C-7152-4FE2-9514-5DCF3A135A49}.Release|Any CPU.Build.0 = Release|Any CPU
		{C3C36990-8CB0-4504-985B-6513ED93FB1E}.Debug|Any CPU.ActiveCfg = Debug|Any CPU
		{C3C36990-8CB0-4504-985B-6513ED93FB1E}.Debug|Any CPU.Build.0 = Debug|Any CPU
		{C3C36990-8CB0-4504-985B-6513ED93FB1E}.Release|Any CPU.ActiveCfg = Release|Any CPU
		{C3C36990-8CB0-4504-985B-6513ED93FB1E}.Release|Any CPU.Build.0 = Release|Any CPU
		{F7DB9D85-895C-441E-A6D3-18F65AC754CC}.Debug|Any CPU.ActiveCfg = Debug|Any CPU
		{F7DB9D85-895C-441E-A6D3-18F65AC754CC}.Debug|Any CPU.Build.0 = Debug|Any CPU
		{F7DB9D85-895C-441E-A6D3-18F65AC754CC}.Release|Any CPU.ActiveCfg = Release|Any CPU
		{F7DB9D85-895C-441E-A6D3-18F65AC754CC}.Release|Any CPU.Build.0 = Release|Any CPU
	EndGlobalSection
	GlobalSection(SolutionProperties) = preSolution
		HideSolutionNode = FALSE
	EndGlobalSection
	GlobalSection(ExtensibilityGlobals) = postSolution
		SolutionGuid = {4C79B745-0677-427F-8D57-C01477802525}
	EndGlobalSection
EndGlobal
